
Microsoft Visual Studio Solution File, Format Version 12.00
# Visual Studio 15
VisualStudioVersion = 15.0.27617.1
MinimumVisualStudioVersion = 10.0.40219.1
Project("{FAE04EC0-301F-11D3-BF4B-00C04F79EFBC}") = "PreCompiledFunction", "PreCompiledFunction\PreCompiledFunction.csproj", "{93E9DA50-0E6A-45E1-AA09-7F30977A8C86}"
EndProject
Global
	GlobalSection(SolutionConfigurationPlatforms) = preSolution
		Debug|Any CPU = Debug|Any CPU
		Release|Any CPU = Release|Any CPU
	EndGlobalSection
	GlobalSection(ProjectConfigurationPlatforms) = postSolution
		{93E9DA50-0E6A-45E1-AA09-7F30977A8C86}.Debug|Any CPU.ActiveCfg = Debug|Any CPU
		{93E9DA50-0E6A-45E1-AA09-7F30977A8C86}.Debug|Any CPU.Build.0 = Debug|Any CPU
		{93E9DA50-0E6A-45E1-AA09-7F30977A8C86}.Release|Any CPU.ActiveCfg = Release|Any CPU
		{93E9DA50-0E6A-45E1-AA09-7F30977A8C86}.Release|Any CPU.Build.0 = Release|Any CPU
	EndGlobalSection
	GlobalSection(SolutionProperties) = preSolution
		HideSolutionNode = FALSE
	EndGlobalSection
	GlobalSection(ExtensibilityGlobals) = postSolution
		SolutionGuid = {497B6DBC-EA69-46BC-BE0E-BECD477DD4BC}
	EndGlobalSection
EndGlobal
